<?xml version="1.0" encoding="UTF-8" standalone="yes" ?>
<CodeBlocks_project_file>
	<FileVersion major="1" minor="6" />
	<Project>
		<Option title="Guino" />
		<Option makefile_is_custom="1" />
		<Option pch_mode="2" />
		<Option compiler="gcc" />
		<Option virtualFolders="build config/addons/;build config/;build config/addons/ofxUI/src/;build config/addons/ofxXmlSettings/src/;build config/addons/ofxXmlSettings/libs/;src/;" />
		<Build>
			<Target title="Debug">
				<Option output="bin/$(PROJECT_NAME)_debug" prefix_auto="1" extension_auto="1" />
				<Option working_dir="bin" />
				<Option object_output="obj/Debug/" />
				<Option external_deps="../../../libs/openFrameworksCompiled/lib/linux64/libopenFrameworksDebug.a;" />
				<Option type="1" />
				<Option compiler="gcc" />
				<Option projectLinkerOptionsRelation="2" />
			</Target>
			<Target title="Release">
				<Option output="bin/$(PROJECT_NAME)" prefix_auto="1" extension_auto="1" />
				<Option working_dir="bin" />
				<Option object_output="obj/Release/" />
				<Option external_deps="../../../libs/openFrameworksCompiled/lib/linux64/libopenFrameworks.a;" />
				<Option type="1" />
				<Option compiler="gcc" />
				<Option projectLinkerOptionsRelation="2" />
			</Target>
		</Build>
		<Unit filename="../../../addons/ofxUI/src/ofxUI.h">
			<Option virtualFolder="build config/addons/ofxUI/src/" />
		</Unit>
		<Unit filename="../../../addons/ofxUI/src/ofxUI2DGraph.cpp">
			<Option virtualFolder="build config/addons/ofxUI/src/" />
		</Unit>
		<Unit filename="../../../addons/ofxUI/src/ofxUI2DGraph.h">
			<Option virtualFolder="build config/addons/ofxUI/src/" />
		</Unit>
		<Unit filename="../../../addons/ofxUI/src/ofxUI2DPad.cpp">
			<Option virtualFolder="build config/addons/ofxUI/src/" />
		</Unit>
		<Unit filename="../../../addons/ofxUI/src/ofxUI2DPad.h">
			<Option virtualFolder="build config/addons/ofxUI/src/" />
		</Unit>
		<Unit filename="../../../addons/ofxUI/src/ofxUIBaseDraws.cpp">
			<Option virtualFolder="build config/addons/ofxUI/src/" />
		</Unit>
		<Unit filename="../../../addons/ofxUI/src/ofxUIBaseDraws.h">
			<Option virtualFolder="build config/addons/ofxUI/src/" />
		</Unit>
		<Unit filename="../../../addons/ofxUI/src/ofxUIBiLabelSlider.cpp">
			<Option virtualFolder="build config/addons/ofxUI/src/" />
		</Unit>
		<Unit filename="../../../addons/ofxUI/src/ofxUIBiLabelSlider.h">
			<Option virtualFolder="build config/addons/ofxUI/src/" />
		</Unit>
		<Unit filename="../../../addons/ofxUI/src/ofxUIButton.cpp">
			<Option virtualFolder="build config/addons/ofxUI/src/" />
		</Unit>
		<Unit filename="../../../addons/ofxUI/src/ofxUIButton.h">
			<Option virtualFolder="build config/addons/ofxUI/src/" />
		</Unit>
		<Unit filename="../../../addons/ofxUI/src/ofxUICanvas.cpp">
			<Option virtualFolder="build config/addons/ofxUI/src/" />
		</Unit>
		<Unit filename="../../../addons/ofxUI/src/ofxUICanvas.h">
			<Option virtualFolder="build config/addons/ofxUI/src/" />
		</Unit>
		<Unit filename="../../../addons/ofxUI/src/ofxUICircleSlider.cpp">
			<Option virtualFolder="build config/addons/ofxUI/src/" />
		</Unit>
		<Unit filename="../../../addons/ofxUI/src/ofxUICircleSlider.h">
			<Option virtualFolder="build config/addons/ofxUI/src/" />
		</Unit>
		<Unit filename="../../../addons/ofxUI/src/ofxUIDefines.h">
			<Option virtualFolder="build config/addons/ofxUI/src/" />
		</Unit>
		<Unit filename="../../../addons/ofxUI/src/ofxUIDragableLabelButton.cpp">
			<Option virtualFolder="build config/addons/ofxUI/src/" />
		</Unit>
		<Unit filename="../../../addons/ofxUI/src/ofxUIDragableLabelButton.h">
			<Option virtualFolder="build config/addons/ofxUI/src/" />
		</Unit>
		<Unit filename="../../../addons/ofxUI/src/ofxUIDropDownList.cpp">
			<Option virtualFolder="build config/addons/ofxUI/src/" />
		</Unit>
		<Unit filename="../../../addons/ofxUI/src/ofxUIDropDownList.h">
			<Option virtualFolder="build config/addons/ofxUI/src/" />
		</Unit>
		<Unit filename="../../../addons/ofxUI/src/ofxUIEventArgs.cpp">
			<Option virtualFolder="build config/addons/ofxUI/src/" />
		</Unit>
		<Unit filename="../../../addons/ofxUI/src/ofxUIEventArgs.h">
			<Option virtualFolder="build config/addons/ofxUI/src/" />
		</Unit>
		<Unit filename="../../../addons/ofxUI/src/ofxUIFPS.cpp">
			<Option virtualFolder="build config/addons/ofxUI/src/" />
		</Unit>
		<Unit filename="../../../addons/ofxUI/src/ofxUIFPS.h">
			<Option virtualFolder="build config/addons/ofxUI/src/" />
		</Unit>
		<Unit filename="../../../addons/ofxUI/src/ofxUIFPSSlider.cpp">
			<Option virtualFolder="build config/addons/ofxUI/src/" />
		</Unit>
		<Unit filename="../../../addons/ofxUI/src/ofxUIFPSSlider.h">
			<Option virtualFolder="build config/addons/ofxUI/src/" />
		</Unit>
		<Unit filename="../../../addons/ofxUI/src/ofxUIImage.cpp">
			<Option virtualFolder="build config/addons/ofxUI/src/" />
		</Unit>
		<Unit filename="../../../addons/ofxUI/src/ofxUIImage.h">
			<Option virtualFolder="build config/addons/ofxUI/src/" />
		</Unit>
		<Unit filename="../../../addons/ofxUI/src/ofxUIImageButton.cpp">
			<Option virtualFolder="build config/addons/ofxUI/src/" />
		</Unit>
		<Unit filename="../../../addons/ofxUI/src/ofxUIImageButton.h">
			<Option virtualFolder="build config/addons/ofxUI/src/" />
		</Unit>
		<Unit filename="../../../addons/ofxUI/src/ofxUIImageSampler.cpp">
			<Option virtualFolder="build config/addons/ofxUI/src/" />
		</Unit>
		<Unit filename="../../../addons/ofxUI/src/ofxUIImageSampler.h">
			<Option virtualFolder="build config/addons/ofxUI/src/" />
		</Unit>
		<Unit filename="../../../addons/ofxUI/src/ofxUIImageSlider.cpp">
			<Option virtualFolder="build config/addons/ofxUI/src/" />
		</Unit>
		<Unit filename="../../../addons/ofxUI/src/ofxUIImageSlider.h">
			<Option virtualFolder="build config/addons/ofxUI/src/" />
		</Unit>
		<Unit filename="../../../addons/ofxUI/src/ofxUIImageToggle.cpp">
			<Option virtualFolder="build config/addons/ofxUI/src/" />
		</Unit>
		<Unit filename="../../../addons/ofxUI/src/ofxUIImageToggle.h">
			<Option virtualFolder="build config/addons/ofxUI/src/" />
		</Unit>
		<Unit filename="../../../addons/ofxUI/src/ofxUILabel.cpp">
			<Option virtualFolder="build config/addons/ofxUI/src/" />
		</Unit>
		<Unit filename="../../../addons/ofxUI/src/ofxUILabel.h">
			<Option virtualFolder="build config/addons/ofxUI/src/" />
		</Unit>
		<Unit filename="../../../addons/ofxUI/src/ofxUILabelButton.cpp">
			<Option virtualFolder="build config/addons/ofxUI/src/" />
		</Unit>
		<Unit filename="../../../addons/ofxUI/src/ofxUILabelButton.h">
			<Option virtualFolder="build config/addons/ofxUI/src/" />
		</Unit>
		<Unit filename="../../../addons/ofxUI/src/ofxUILabelToggle.cpp">
			<Option virtualFolder="build config/addons/ofxUI/src/" />
		</Unit>
		<Unit filename="../../../addons/ofxUI/src/ofxUILabelToggle.h">
			<Option virtualFolder="build config/addons/ofxUI/src/" />
		</Unit>
		<Unit filename="../../../addons/ofxUI/src/ofxUIMinimalSlider.cpp">
			<Option virtualFolder="build config/addons/ofxUI/src/" />
		</Unit>
		<Unit filename="../../../addons/ofxUI/src/ofxUIMinimalSlider.h">
			<Option virtualFolder="build config/addons/ofxUI/src/" />
		</Unit>
		<Unit filename="../../../addons/ofxUI/src/ofxUIMovingGraph.cpp">
			<Option virtualFolder="build config/addons/ofxUI/src/" />
		</Unit>
		<Unit filename="../../../addons/ofxUI/src/ofxUIMovingGraph.h">
			<Option virtualFolder="build config/addons/ofxUI/src/" />
		</Unit>
		<Unit filename="../../../addons/ofxUI/src/ofxUIMultiImageButton.cpp">
			<Option virtualFolder="build config/addons/ofxUI/src/" />
		</Unit>
		<Unit filename="../../../addons/ofxUI/src/ofxUIMultiImageButton.h">
			<Option virtualFolder="build config/addons/ofxUI/src/" />
		</Unit>
		<Unit filename="../../../addons/ofxUI/src/ofxUIMultiImageToggle.cpp">
			<Option virtualFolder="build config/addons/ofxUI/src/" />
		</Unit>
		<Unit filename="../../../addons/ofxUI/src/ofxUIMultiImageToggle.h">
			<Option virtualFolder="build config/addons/ofxUI/src/" />
		</Unit>
		<Unit filename="../../../addons/ofxUI/src/ofxUINumberDialer.cpp">
			<Option virtualFolder="build config/addons/ofxUI/src/" />
		</Unit>
		<Unit filename="../../../addons/ofxUI/src/ofxUINumberDialer.h">
			<Option virtualFolder="build config/addons/ofxUI/src/" />
		</Unit>
		<Unit filename="../../../addons/ofxUI/src/ofxUIOFWrapper.h">
			<Option virtualFolder="build config/addons/ofxUI/src/" />
		</Unit>
		<Unit filename="../../../addons/ofxUI/src/ofxUIRadio.cpp">
			<Option virtualFolder="build config/addons/ofxUI/src/" />
		</Unit>
		<Unit filename="../../../addons/ofxUI/src/ofxUIRadio.h">
			<Option virtualFolder="build config/addons/ofxUI/src/" />
		</Unit>
		<Unit filename="../../../addons/ofxUI/src/ofxUIRangeSlider.cpp">
			<Option virtualFolder="build config/addons/ofxUI/src/" />
		</Unit>
		<Unit filename="../../../addons/ofxUI/src/ofxUIRangeSlider.h">
			<Option virtualFolder="build config/addons/ofxUI/src/" />
		</Unit>
		<Unit filename="../../../addons/ofxUI/src/ofxUIRectangle.cpp">
			<Option virtualFolder="build config/addons/ofxUI/src/" />
		</Unit>
		<Unit filename="../../../addons/ofxUI/src/ofxUIRectangle.h">
			<Option virtualFolder="build config/addons/ofxUI/src/" />
		</Unit>
		<Unit filename="../../../addons/ofxUI/src/ofxUIRotarySlider.cpp">
			<Option virtualFolder="build config/addons/ofxUI/src/" />
		</Unit>
		<Unit filename="../../../addons/ofxUI/src/ofxUIRotarySlider.h">
			<Option virtualFolder="build config/addons/ofxUI/src/" />
		</Unit>
		<Unit filename="../../../addons/ofxUI/src/ofxUIScrollableCanvas.cpp">
			<Option virtualFolder="build config/addons/ofxUI/src/" />
		</Unit>
		<Unit filename="../../../addons/ofxUI/src/ofxUIScrollableCanvas.h">
			<Option virtualFolder="build config/addons/ofxUI/src/" />
		</Unit>
		<Unit filename="../../../addons/ofxUI/src/ofxUISlider.cpp">
			<Option virtualFolder="build config/addons/ofxUI/src/" />
		</Unit>
		<Unit filename="../../../addons/ofxUI/src/ofxUISlider.h">
			<Option virtualFolder="build config/addons/ofxUI/src/" />
		</Unit>
		<Unit filename="../../../addons/ofxUI/src/ofxUISortableList.cpp">
			<Option virtualFolder="build config/addons/ofxUI/src/" />
		</Unit>
		<Unit filename="../../../addons/ofxUI/src/ofxUISortableList.h">
			<Option virtualFolder="build config/addons/ofxUI/src/" />
		</Unit>
		<Unit filename="../../../addons/ofxUI/src/ofxUISpacer.cpp">
			<Option virtualFolder="build config/addons/ofxUI/src/" />
		</Unit>
		<Unit filename="../../../addons/ofxUI/src/ofxUISpacer.h">
			<Option virtualFolder="build config/addons/ofxUI/src/" />
		</Unit>
		<Unit filename="../../../addons/ofxUI/src/ofxUISpectrum.cpp">
			<Option virtualFolder="build config/addons/ofxUI/src/" />
		</Unit>
		<Unit filename="../../../addons/ofxUI/src/ofxUISpectrum.h">
			<Option virtualFolder="build config/addons/ofxUI/src/" />
		</Unit>
		<Unit filename="../../../addons/ofxUI/src/ofxUISuperCanvas.cpp">
			<Option virtualFolder="build config/addons/ofxUI/src/" />
		</Unit>
		<Unit filename="../../../addons/ofxUI/src/ofxUISuperCanvas.h">
			<Option virtualFolder="build config/addons/ofxUI/src/" />
		</Unit>
		<Unit filename="../../../addons/ofxUI/src/ofxUITabBar.cpp">
			<Option virtualFolder="build config/addons/ofxUI/src/" />
		</Unit>
		<Unit filename="../../../addons/ofxUI/src/ofxUITabBar.h">
			<Option virtualFolder="build config/addons/ofxUI/src/" />
		</Unit>
		<Unit filename="../../../addons/ofxUI/src/ofxUITextArea.cpp">
			<Option virtualFolder="build config/addons/ofxUI/src/" />
		</Unit>
		<Unit filename="../../../addons/ofxUI/src/ofxUITextArea.h">
			<Option virtualFolder="build config/addons/ofxUI/src/" />
		</Unit>
		<Unit filename="../../../addons/ofxUI/src/ofxUITextInput.cpp">
			<Option virtualFolder="build config/addons/ofxUI/src/" />
		</Unit>
		<Unit filename="../../../addons/ofxUI/src/ofxUITextInput.h">
			<Option virtualFolder="build config/addons/ofxUI/src/" />
		</Unit>
		<Unit filename="../../../addons/ofxUI/src/ofxUIToggle.cpp">
			<Option virtualFolder="build config/addons/ofxUI/src/" />
		</Unit>
		<Unit filename="../../../addons/ofxUI/src/ofxUIToggle.h">
			<Option virtualFolder="build config/addons/ofxUI/src/" />
		</Unit>
		<Unit filename="../../../addons/ofxUI/src/ofxUIToggleMatrix.cpp">
			<Option virtualFolder="build config/addons/ofxUI/src/" />
		</Unit>
		<Unit filename="../../../addons/ofxUI/src/ofxUIToggleMatrix.h">
			<Option virtualFolder="build config/addons/ofxUI/src/" />
		</Unit>
		<Unit filename="../../../addons/ofxUI/src/ofxUIUtils.h">
			<Option virtualFolder="build config/addons/ofxUI/src/" />
		</Unit>
		<Unit filename="../../../addons/ofxUI/src/ofxUIValuePlotter.cpp">
			<Option virtualFolder="build config/addons/ofxUI/src/" />
		</Unit>
		<Unit filename="../../../addons/ofxUI/src/ofxUIValuePlotter.h">
			<Option virtualFolder="build config/addons/ofxUI/src/" />
		</Unit>
		<Unit filename="../../../addons/ofxUI/src/ofxUIWaveform.cpp">
			<Option virtualFolder="build config/addons/ofxUI/src/" />
		</Unit>
		<Unit filename="../../../addons/ofxUI/src/ofxUIWaveform.h">
			<Option virtualFolder="build config/addons/ofxUI/src/" />
		</Unit>
		<Unit filename="../../../addons/ofxUI/src/ofxUIWidget.cpp">
			<Option virtualFolder="build config/addons/ofxUI/src/" />
		</Unit>
		<Unit filename="../../../addons/ofxUI/src/ofxUIWidget.h">
			<Option virtualFolder="build config/addons/ofxUI/src/" />
		</Unit>
		<Unit filename="../../../addons/ofxUI/src/ofxUIWidgetWithLabel.cpp">
			<Option virtualFolder="build config/addons/ofxUI/src/" />
		</Unit>
		<Unit filename="../../../addons/ofxUI/src/ofxUIWidgetWithLabel.h">
			<Option virtualFolder="build config/addons/ofxUI/src/" />
		</Unit>
		<Unit filename="../../../addons/ofxUI/src/ofxUIWidgets.h">
			<Option virtualFolder="build config/addons/ofxUI/src/" />
		</Unit>
		<Unit filename="../../../addons/ofxUI/src/ofxUIWrapper.h">
			<Option virtualFolder="build config/addons/ofxUI/src/" />
		</Unit>
		<Unit filename="../../../addons/ofxXmlSettings/libs/tinyxml.cpp">
			<Option virtualFolder="build config/addons/ofxXmlSettings/libs/" />
		</Unit>
		<Unit filename="../../../addons/ofxXmlSettings/libs/tinyxml.h">
			<Option virtualFolder="build config/addons/ofxXmlSettings/libs/" />
		</Unit>
		<Unit filename="../../../addons/ofxXmlSettings/libs/tinyxmlerror.cpp">
			<Option virtualFolder="build config/addons/ofxXmlSettings/libs/" />
		</Unit>
		<Unit filename="../../../addons/ofxXmlSettings/libs/tinyxmlparser.cpp">
			<Option virtualFolder="build config/addons/ofxXmlSettings/libs/" />
		</Unit>
		<Unit filename="../../../addons/ofxXmlSettings/src/ofxXmlSettings.cpp">
			<Option virtualFolder="build config/addons/ofxXmlSettings/src/" />
		</Unit>
		<Unit filename="../../../addons/ofxXmlSettings/src/ofxXmlSettings.h">
			<Option virtualFolder="build config/addons/ofxXmlSettings/src/" />
		</Unit>
		<Unit filename="config.make">
			<Option virtualFolder="build config" />
		</Unit>
		<Unit filename="src/EasyTransfer.cpp">
			<Option virtualFolder="src/" />
		</Unit>
		<Unit filename="src/EasyTransfer.h" />
		<Unit filename="src/main.cpp">
			<Option virtualFolder="src/" />
		</Unit>
		<Unit filename="src/ofApp.cpp">
			<Option virtualFolder="src/" />
		</Unit>
		<Unit filename="src/ofApp.h">
			<Option virtualFolder="src/" />
		</Unit>
		<Extensions>
			<code_completion />
			<envvars />
			<debugger />
		</Extensions>
	</Project>
</CodeBlocks_project_file>
